// !$*UTF8*$!
{
	archiveVersion = 1;
	classes = {
	};
	objectVersion = 50;
	objects = {

/* Begin PBXBuildFile section */
		4BBE01C224A3B69C004D172E /* AppDelegate.m in Sources */ = {isa = PBXBuildFile; fileRef = 4BBE01C124A3B69C004D172E /* AppDelegate.m */; };
		4BBE01C524A3B69C004D172E /* SceneDelegate.m in Sources */ = {isa = PBXBuildFile; fileRef = 4BBE01C424A3B69C004D172E /* SceneDelegate.m */; };
		4BBE01C824A3B69C004D172E /* ViewController.m in Sources */ = {isa = PBXBuildFile; fileRef = 4BBE01C724A3B69C004D172E /* ViewController.m */; };
		4BBE01CB24A3B69C004D172E /* Main.storyboard in Resources */ = {isa = PBXBuildFile; fileRef = 4BBE01C924A3B69C004D172E /* Main.storyboard */; };
		4BBE01CD24A3B69D004D172E /* Assets.xcassets in Resources */ = {isa = PBXBuildFile; fileRef = 4BBE01CC24A3B69D004D172E /* Assets.xcassets */; };
		4BBE01D024A3B69D004D172E /* LaunchScreen.storyboard in Resources */ = {isa = PBXBuildFile; fileRef = 4BBE01CE24A3B69D004D172E /* LaunchScreen.storyboard */; };
		4BBE01D324A3B69D004D172E /* main.m in Sources */ = {isa = PBXBuildFile; fileRef = 4BBE01D224A3B69D004D172E /* main.m */; };
		4BBE01DD24A3B69D004D172E /* flixTests.m in Sources */ = {isa = PBXBuildFile; fileRef = 4BBE01DC24A3B69D004D172E /* flixTests.m */; };
		4BBE01E824A3B69D004D172E /* flixUITests.m in Sources */ = {isa = PBXBuildFile; fileRef = 4BBE01E724A3B69D004D172E /* flixUITests.m */; };
/* End PBXBuildFile section */

/* Begin PBXContainerItemProxy section */
		4BBE01D924A3B69D004D172E /* PBXContainerItemProxy */ = {
			isa = PBXContainerItemProxy;
			containerPortal = 4BBE01B524A3B69C004D172E /* Project object */;
			proxyType = 1;
			remoteGlobalIDString = 4BBE01BC24A3B69C004D172E;
			remoteInfo = flix;
		};
		4BBE01E424A3B69D004D172E /* PBXContainerItemProxy */ = {
			isa = PBXContainerItemProxy;
			containerPortal = 4BBE01B524A3B69C004D172E /* Project object */;
			proxyType = 1;
			remoteGlobalIDString = 4BBE01BC24A3B69C004D172E;
			remoteInfo = flix;
		};
/* End PBXContainerItemProxy section */

/* Begin PBXFileReference section */
		4BBE01BD24A3B69C004D172E /* flix.app */ = {isa = PBXFileReference; explicitFileType = wrapper.application; includeInIndex = 0; path = flix.app; sourceTree = BUILT_PRODUCTS_DIR; };
		4BBE01C024A3B69C004D172E /* AppDelegate.h */ = {isa = PBXFileReference; lastKnownFileType = sourcecode.c.h; path = AppDelegate.h; sourceTree = "<group>"; };
		4BBE01C124A3B69C004D172E /* AppDelegate.m */ = {isa = PBXFileReference; lastKnownFileType = sourcecode.c.objc; path = AppDelegate.m; sourceTree = "<group>"; };
		4BBE01C324A3B69C004D172E /* SceneDelegate.h */ = {isa = PBXFileReference; lastKnownFileType = sourcecode.c.h; path = SceneDelegate.h; sourceTree = "<group>"; };
		4BBE01C424A3B69C004D172E /* SceneDelegate.m */ = {isa = PBXFileReference; lastKnownFileType = sourcecode.c.objc; path = SceneDelegate.m; sourceTree = "<group>"; };
		4BBE01C624A3B69C004D172E /* ViewController.h */ = {isa = PBXFileReference; lastKnownFileType = sourcecode.c.h; path = ViewController.h; sourceTree = "<group>"; };
		4BBE01C724A3B69C004D172E /* ViewController.m */ = {isa = PBXFileReference; lastKnownFileType = sourcecode.c.objc; path = ViewController.m; sourceTree = "<group>"; };
		4BBE01CA24A3B69C004D172E /* Base */ = {isa = PBXFileReference; lastKnownFileType = file.storyboard; name = Base; path = Base.lproj/Main.storyboard; sourceTree = "<group>"; };
		4BBE01CC24A3B69D004D172E /* Assets.xcassets */ = {isa = PBXFileReference; lastKnownFileType = folder.assetcatalog; path = Assets.xcassets; sourceTree = "<group>"; };
		4BBE01CF24A3B69D004D172E /* Base */ = {isa = PBXFileReference; lastKnownFileType = file.storyboard; name = Base; path = Base.lproj/LaunchScreen.storyboard; sourceTree = "<group>"; };
		4BBE01D124A3B69D004D172E /* Info.plist */ = {isa = PBXFileReference; lastKnownFileType = text.plist.xml; path = Info.plist; sourceTree = "<group>"; };
		4BBE01D224A3B69D004D172E /* main.m */ = {isa = PBXFileReference; lastKnownFileType = sourcecode.c.objc; path = main.m; sourceTree = "<group>"; };
		4BBE01D824A3B69D004D172E /* flixTests.xctest */ = {isa = PBXFileReference; explicitFileType = wrapper.cfbundle; includeInIndex = 0; path = flixTests.xctest; sourceTree = BUILT_PRODUCTS_DIR; };
		4BBE01DC24A3B69D004D172E /* flixTests.m */ = {isa = PBXFileReference; lastKnownFileType = sourcecode.c.objc; path = flixTests.m; sourceTree = "<group>"; };
		4BBE01DE24A3B69D004D172E /* Info.plist */ = {isa = PBXFileReference; lastKnownFileType = text.plist.xml; path = Info.plist; sourceTree = "<group>"; };
		4BBE01E324A3B69D004D172E /* flixUITests.xctest */ = {isa = PBXFileReference; explicitFileType = wrapper.cfbundle; includeInIndex = 0; path = flixUITests.xctest; sourceTree = BUILT_PRODUCTS_DIR; };
		4BBE01E724A3B69D004D172E /* flixUITests.m */ = {isa = PBXFileReference; lastKnownFileType = sourcecode.c.objc; path = flixUITests.m; sourceTree = "<group>"; };
		4BBE01E924A3B69D004D172E /* Info.plist */ = {isa = PBXFileReference; lastKnownFileType = text.plist.xml; path = Info.plist; sourceTree = "<group>"; };
/* End PBXFileReference section */

/* Begin PBXFrameworksBuildPhase section */
		4BBE01BA24A3B69C004D172E /* Frameworks */ = {
			isa = PBXFrameworksBuildPhase;
			buildActionMask = 2147483647;
			files = (
			);
			runOnlyForDeploymentPostprocessing = 0;
		};
		4BBE01D524A3B69D004D172E /* Frameworks */ = {
			isa = PBXFrameworksBuildPhase;
			buildActionMask = 2147483647;
			files = (
			);
			runOnlyForDeploymentPostprocessing = 0;
		};
		4BBE01E024A3B69D004D172E /* Frameworks */ = {
			isa = PBXFrameworksBuildPhase;
			buildActionMask = 2147483647;
			files = (
			);
			runOnlyForDeploymentPostprocessing = 0;
		};
/* End PBXFrameworksBuildPhase section */

/* Begin PBXGroup section */
		4BBE01B424A3B69C004D172E = {
			isa = PBXGroup;
			children = (
				4BBE01BF24A3B69C004D172E /* flix */,
				4BBE01DB24A3B69D004D172E /* flixTests */,
				4BBE01E624A3B69D004D172E /* flixUITests */,
				4BBE01BE24A3B69C004D172E /* Products */,
			);
			sourceTree = "<group>";
		};
		4BBE01BE24A3B69C004D172E /* Products */ = {
			isa = PBXGroup;
			children = (
				4BBE01BD24A3B69C004D172E /* flix.app */,
				4BBE01D824A3B69D004D172E /* flixTests.xctest */,
				4BBE01E324A3B69D004D172E /* flixUITests.xctest */,
			);
			name = Products;
			sourceTree = "<group>";
		};
		4BBE01BF24A3B69C004D172E /* flix */ = {
			isa = PBXGroup;
			children = (
				4BBE01C024A3B69C004D172E /* AppDelegate.h */,
				4BBE01C124A3B69C004D172E /* AppDelegate.m */,
				4BBE01C324A3B69C004D172E /* SceneDelegate.h */,
				4BBE01C424A3B69C004D172E /* SceneDelegate.m */,
				4BBE01C624A3B69C004D172E /* ViewController.h */,
				4BBE01C724A3B69C004D172E /* ViewController.m */,
				4BBE01C924A3B69C004D172E /* Main.storyboard */,
				4BBE01CC24A3B69D004D172E /* Assets.xcassets */,
				4BBE01CE24A3B69D004D172E /* LaunchScreen.storyboard */,
				4BBE01D124A3B69D004D172E /* Info.plist */,
				4BBE01D224A3B69D004D172E /* main.m */,
			);
			path = flix;
			sourceTree = "<group>";
		};
		4BBE01DB24A3B69D004D172E /* flixTests */ = {
			isa = PBXGroup;
			children = (
				4BBE01DC24A3B69D004D172E /* flixTests.m */,
				4BBE01DE24A3B69D004D172E /* Info.plist */,
			);
			path = flixTests;
			sourceTree = "<group>";
		};
		4BBE01E624A3B69D004D172E /* flixUITests */ = {
			isa = PBXGroup;
			children = (
				4BBE01E724A3B69D004D172E /* flixUITests.m */,
				4BBE01E924A3B69D004D172E /* Info.plist */,
			);
			path = flixUITests;
			sourceTree = "<group>";
		};
/* End PBXGroup section */

/* Begin PBXNativeTarget section */
		4BBE01BC24A3B69C004D172E /* flix */ = {
			isa = PBXNativeTarget;
			buildConfigurationList = 4BBE01EC24A3B69D004D172E /* Build configuration list for PBXNativeTarget "flix" */;
			buildPhases = (
				4BBE01B924A3B69C004D172E /* Sources */,
				4BBE01BA24A3B69C004D172E /* Frameworks */,
				4BBE01BB24A3B69C004D172E /* Resources */,
			);
			buildRules = (
			);
			dependencies = (
			);
			name = flix;
			productName = flix;
			productReference = 4BBE01BD24A3B69C004D172E /* flix.app */;
			productType = "com.apple.product-type.application";
		};
		4BBE01D724A3B69D004D172E /* flixTests */ = {
			isa = PBXNativeTarget;
			buildConfigurationList = 4BBE01EF24A3B69D004D172E /* Build configuration list for PBXNativeTarget "flixTests" */;
			buildPhases = (
				4BBE01D424A3B69D004D172E /* Sources */,
				4BBE01D524A3B69D004D172E /* Frameworks */,
				4BBE01D624A3B69D004D172E /* Resources */,
			);
			buildRules = (
			);
			dependencies = (
				4BBE01DA24A3B69D004D172E /* PBXTargetDependency */,
			);
			name = flixTests;
			productName = flixTests;
			productReference = 4BBE01D824A3B69D004D172E /* flixTests.xctest */;
			productType = "com.apple.product-type.bundle.unit-test";
		};
		4BBE01E224A3B69D004D172E /* flixUITests */ = {
			isa = PBXNativeTarget;
			buildConfigurationList = 4BBE01F224A3B69D004D172E /* Build configuration list for PBXNativeTarget "flixUITests" */;
			buildPhases = (
				4BBE01DF24A3B69D004D172E /* Sources */,
				4BBE01E024A3B69D004D172E /* Frameworks */,
				4BBE01E124A3B69D004D172E /* Resources */,
			);
			buildRules = (
			);
			dependencies = (
				4BBE01E524A3B69D004D172E /* PBXTargetDependency */,
			);
			name = flixUITests;
			productName = flixUITests;
			productReference = 4BBE01E324A3B69D004D172E /* flixUITests.xctest */;
			productType = "com.apple.product-type.bundle.ui-testing";
		};
/* End PBXNativeTarget section */

/* Begin PBXProject section */
		4BBE01B524A3B69C004D172E /* Project object */ = {
			isa = PBXProject;
			attributes = {
				LastUpgradeCheck = 1150;
				ORGANIZATIONNAME = dkaviani;
				TargetAttributes = {
					4BBE01BC24A3B69C004D172E = {
						CreatedOnToolsVersion = 11.5;
					};
					4BBE01D724A3B69D004D172E = {
						CreatedOnToolsVersion = 11.5;
						TestTargetID = 4BBE01BC24A3B69C004D172E;
					};
					4BBE01E224A3B69D004D172E = {
						CreatedOnToolsVersion = 11.5;
						TestTargetID = 4BBE01BC24A3B69C004D172E;
					};
				};
			};
			buildConfigurationList = 4BBE01B824A3B69C004D172E /* Build configuration list for PBXProject "flix" */;
			compatibilityVersion = "Xcode 9.3";
			developmentRegion = en;
			hasScannedForEncodings = 0;
			knownRegions = (
				en,
				Base,
			);
			mainGroup = 4BBE01B424A3B69C004D172E;
			productRefGroup = 4BBE01BE24A3B69C004D172E /* Products */;
			projectDirPath = "";
			projectRoot = "";
			targets = (
				4BBE01BC24A3B69C004D172E /* flix */,
				4BBE01D724A3B69D004D172E /* flixTests */,
				4BBE01E224A3B69D004D172E /* flixUITests */,
			);
		};
/* End PBXProject section */

/* Begin PBXResourcesBuildPhase section */
		4BBE01BB24A3B69C004D172E /* Resources */ = {
			isa = PBXResourcesBuildPhase;
			buildActionMask = 2147483647;
			files = (
				4BBE01D024A3B69D004D172E /* LaunchScreen.storyboard in Resources */,
				4BBE01CD24A3B69D004D172E /* Assets.xcassets in Resources */,
				4BBE01CB24A3B69C004D172E /* Main.storyboard in Resources */,
			);
			runOnlyForDeploymentPostprocessing = 0;
		};
		4BBE01D624A3B69D004D172E /* Resources */ = {
			isa = PBXResourcesBuildPhase;
			buildActionMask = 2147483647;
			files = (
			);
			runOnlyForDeploymentPostprocessing = 0;
		};
		4BBE01E124A3B69D004D172E /* Resources */ = {
			isa = PBXResourcesBuildPhase;
			buildActionMask = 2147483647;
			files = (
			);
			runOnlyForDeploymentPostprocessing = 0;
		};
/* End PBXResourcesBuildPhase section */

/* Begin PBXSourcesBuildPhase section */
		4BBE01B924A3B69C004D172E /* Sources */ = {
			isa = PBXSourcesBuildPhase;
			buildActionMask = 2147483647;
			files = (
				4BBE01C824A3B69C004D172E /* ViewController.m in Sources */,
				4BBE01C224A3B69C004D172E /* AppDelegate.m in Sources */,
				4BBE01D324A3B69D004D172E /* main.m in Sources */,
				4BBE01C524A3B69C004D172E /* SceneDelegate.m in Sources */,
			);
			runOnlyForDeploymentPostprocessing = 0;
		};
		4BBE01D424A3B69D004D172E /* Sources */ = {
			isa = PBXSourcesBuildPhase;
			buildActionMask = 2147483647;
			files = (
				4BBE01DD24A3B69D004D172E /* flixTests.m in Sources */,
			);
			runOnlyForDeploymentPostprocessing = 0;
		};
		4BBE01DF24A3B69D004D172E /* Sources */ = {
			isa = PBXSourcesBuildPhase;
			buildActionMask = 2147483647;
			files = (
				4BBE01E824A3B69D004D172E /* flixUITests.m in Sources */,
			);
			runOnlyForDeploymentPostprocessing = 0;
		};
/* End PBXSourcesBuildPhase section */

/* Begin PBXTargetDependency section */
		4BBE01DA24A3B69D004D172E /* PBXTargetDependency */ = {
			isa = PBXTargetDependency;
			target = 4BBE01BC24A3B69C004D172E /* flix */;
			targetProxy = 4BBE01D924A3B69D004D172E /* PBXContainerItemProxy */;
		};
		4BBE01E524A3B69D004D172E /* PBXTargetDependency */ = {
			isa = PBXTargetDependency;
			target = 4BBE01BC24A3B69C004D172E /* flix */;
			targetProxy = 4BBE01E424A3B69D004D172E /* PBXContainerItemProxy */;
		};
/* End PBXTargetDependency section */

/* Begin PBXVariantGroup section */
		4BBE01C924A3B69C004D172E /* Main.storyboard */ = {
			isa = PBXVariantGroup;
			children = (
				4BBE01CA24A3B69C004D172E /* Base */,
			);
			name = Main.storyboard;
			sourceTree = "<group>";
		};
		4BBE01CE24A3B69D004D172E /* LaunchScreen.storyboard */ = {
			isa = PBXVariantGroup;
			children = (
				4BBE01CF24A3B69D004D172E /* Base */,
			);
			name = LaunchScreen.storyboard;
			sourceTree = "<group>";
		};
/* End PBXVariantGroup section */

/* Begin XCBuildConfiguration section */
		4BBE01EA24A3B69D004D172E /* Debug */ = {
			isa = XCBuildConfiguration;
			buildSettings = {
				ALWAYS_SEARCH_USER_PATHS = NO;
				CLANG_ANALYZER_NONNULL = YES;
				CLANG_ANALYZER_NUMBER_OBJECT_CONVERSION = YES_AGGRESSIVE;
				CLANG_CXX_LANGUAGE_STANDARD = "gnu++14";
				CLANG_CXX_LIBRARY = "libc++";
				CLANG_ENABLE_MODULES = YES;
				CLANG_ENABLE_OBJC_ARC = YES;
				CLANG_ENABLE_OBJC_WEAK = YES;
				CLANG_WARN_BLOCK_CAPTURE_AUTORELEASING = YES;
				CLANG_WARN_BOOL_CONVERSION = YES;
				CLANG_WARN_COMMA = YES;
				CLANG_WARN_CONSTANT_CONVERSION = YES;
				CLANG_WARN_DEPRECATED_OBJC_IMPLEMENTATIONS = YES;
				CLANG_WARN_DIRECT_OBJC_ISA_USAGE = YES_ERROR;
				CLANG_WARN_DOCUMENTATION_COMMENTS = YES;
				CLANG_WARN_EMPTY_BODY = YES;
				CLANG_WARN_ENUM_CONVERSION = YES;
				CLANG_WARN_INFINITE_RECURSION = YES;
				CLANG_WARN_INT_CONVERSION = YES;
				CLANG_WARN_NON_LITERAL_NULL_CONVERSION = YES;
				CLANG_WARN_OBJC_IMPLICIT_RETAIN_SELF = YES;
				CLANG_WARN_OBJC_LITERAL_CONVERSION = YES;
				CLANG_WARN_OBJC_ROOT_CLASS = YES_ERROR;
				CLANG_WARN_RANGE_LOOP_ANALYSIS = YES;
				CLANG_WARN_STRICT_PROTOTYPES = YES;
				CLANG_WARN_SUSPICIOUS_MOVE = YES;
				CLANG_WARN_UNGUARDED_AVAILABILITY = YES_AGGRESSIVE;
				CLANG_WARN_UNREACHABLE_CODE = YES;
				CLANG_WARN__DUPLICATE_METHOD_MATCH = YES;
				COPY_PHASE_STRIP = NO;
				DEBUG_INFORMATION_FORMAT = dwarf;
				ENABLE_STRICT_OBJC_MSGSEND = YES;
				ENABLE_TESTABILITY = YES;
				GCC_C_LANGUAGE_STANDARD = gnu11;
				GCC_DYNAMIC_NO_PIC = NO;
				GCC_NO_COMMON_BLOCKS = YES;
				GCC_OPTIMIZATION_LEVEL = 0;
				GCC_PREPROCESSOR_DEFINITIONS = (
					"DEBUG=1",
					"$(inherited)",
				);
				GCC_WARN_64_TO_32_BIT_CONVERSION = YES;
				GCC_WARN_ABOUT_RETURN_TYPE = YES_ERROR;
				GCC_WARN_UNDECLARED_SELECTOR = YES;
				GCC_WARN_UNINITIALIZED_AUTOS = YES_AGGRESSIVE;
				GCC_WARN_UNUSED_FUNCTION = YES;
				GCC_WARN_UNUSED_VARIABLE = YES;
				IPHONEOS_DEPLOYMENT_TARGET = 13.5;
				MTL_ENABLE_DEBUG_INFO = INCLUDE_SOURCE;
				MTL_FAST_MATH = YES;
				ONLY_ACTIVE_ARCH = YES;
				SDKROOT = iphoneos;
			};
			name = Debug;
		};
		4BBE01EB24A3B69D004D172E /* Release */ = {
			isa = XCBuildConfiguration;
			buildSettings = {
				ALWAYS_SEARCH_USER_PATHS = NO;
				CLANG_ANALYZER_NONNULL = YES;
				CLANG_ANALYZER_NUMBER_OBJECT_CONVERSION = YES_AGGRESSIVE;
				CLANG_CXX_LANGUAGE_STANDARD = "gnu++14";
				CLANG_CXX_LIBRARY = "libc++";
				CLANG_ENABLE_MODULES = YES;
				CLANG_ENABLE_OBJC_ARC = YES;
				CLANG_ENABLE_OBJC_WEAK = YES;
				CLANG_WARN_BLOCK_CAPTURE_AUTORELEASING = YES;
				CLANG_WARN_BOOL_CONVERSION = YES;
				CLANG_WARN_COMMA = YES;
				CLANG_WARN_CONSTANT_CONVERSION = YES;
				CLANG_WARN_DEPRECATED_OBJC_IMPLEMENTATIONS = YES;
				CLANG_WARN_DIRECT_OBJC_ISA_USAGE = YES_ERROR;
				CLANG_WARN_DOCUMENTATION_COMMENTS = YES;
				CLANG_WARN_EMPTY_BODY = YES;
				CLANG_WARN_ENUM_CONVERSION = YES;
				CLANG_WARN_INFINITE_RECURSION = YES;
				CLANG_WARN_INT_CONVERSION = YES;
				CLANG_WARN_NON_LITERAL_NULL_CONVERSION = YES;
				CLANG_WARN_OBJC_IMPLICIT_RETAIN_SELF = YES;
				CLANG_WARN_OBJC_LITERAL_CONVERSION = YES;
				CLANG_WARN_OBJC_ROOT_CLASS = YES_ERROR;
				CLANG_WARN_RANGE_LOOP_ANALYSIS = YES;
				CLANG_WARN_STRICT_PROTOTYPES = YES;
				CLANG_WARN_SUSPICIOUS_MOVE = YES;
				CLANG_WARN_UNGUARDED_AVAILABILITY = YES_AGGRESSIVE;
				CLANG_WARN_UNREACHABLE_CODE = YES;
				CLANG_WARN__DUPLICATE_METHOD_MATCH = YES;
				COPY_PHASE_STRIP = NO;
				DEBUG_INFORMATION_FORMAT = "dwarf-with-dsym";
				ENABLE_NS_ASSERTIONS = NO;
				ENABLE_STRICT_OBJC_MSGSEND = YES;
				GCC_C_LANGUAGE_STANDARD = gnu11;
				GCC_NO_COMMON_BLOCKS = YES;
				GCC_WARN_64_TO_32_BIT_CONVERSION = YES;
				GCC_WARN_ABOUT_RETURN_TYPE = YES_ERROR;
				GCC_WARN_UNDECLARED_SELECTOR = YES;
				GCC_WARN_UNINITIALIZED_AUTOS = YES_AGGRESSIVE;
				GCC_WARN_UNUSED_FUNCTION = YES;
				GCC_WARN_UNUSED_VARIABLE = YES;
				IPHONEOS_DEPLOYMENT_TARGET = 13.5;
				MTL_ENABLE_DEBUG_INFO = NO;
				MTL_FAST_MATH = YES;
				SDKROOT = iphoneos;
				VALIDATE_PRODUCT = YES;
			};
			name = Release;
		};
		4BBE01ED24A3B69D004D172E /* Debug */ = {
			isa = XCBuildConfiguration;
			buildSettings = {
				ASSETCATALOG_COMPILER_APPICON_NAME = AppIcon;
				CODE_SIGN_STYLE = Automatic;
				INFOPLIST_FILE = flix/Info.plist;
				LD_RUNPATH_SEARCH_PATHS = (
					"$(inherited)",
					"@executable_path/Frameworks",
				);
				PRODUCT_BUNDLE_IDENTIFIER = com.dkaviani.flix;
				PRODUCT_NAME = "$(TARGET_NAME)";
				TARGETED_DEVICE_FAMILY = "1,2";
			};
			name = Debug;
		};
		4BBE01EE24A3B69D004D172E /* Release */ = {
			isa = XCBuildConfiguration;
			buildSettings = {
				ASSETCATALOG_COMPILER_APPICON_NAME = AppIcon;
				CODE_SIGN_STYLE = Automatic;
				INFOPLIST_FILE = flix/Info.plist;
				LD_RUNPATH_SEARCH_PATHS = (
					"$(inherited)",
					"@executable_path/Frameworks",
				);
				PRODUCT_BUNDLE_IDENTIFIER = com.dkaviani.flix;
				PRODUCT_NAME = "$(TARGET_NAME)";
				TARGETED_DEVICE_FAMILY = "1,2";
			};
			name = Release;
		};
		4BBE01F024A3B69D004D172E /* Debug */ = {
			isa = XCBuildConfiguration;
			buildSettings = {
				BUNDLE_LOADER = "$(TEST_HOST)";
				CODE_SIGN_STYLE = Automatic;
				INFOPLIST_FILE = flixTests/Info.plist;
				IPHONEOS_DEPLOYMENT_TARGET = 13.5;
				LD_RUNPATH_SEARCH_PATHS = (
					"$(inherited)",
					"@executable_path/Frameworks",
					"@loader_path/Frameworks",
				);
				PRODUCT_BUNDLE_IDENTIFIER = com.dkaviani.flixTests;
				PRODUCT_NAME = "$(TARGET_NAME)";
				TARGETED_DEVICE_FAMILY = "1,2";
				TEST_HOST = "$(BUILT_PRODUCTS_DIR)/flix.app/flix";
			};
			name = Debug;
		};
		4BBE01F124A3B69D004D172E /* Release */ = {
			isa = XCBuildConfiguration;
			buildSettings = {
				BUNDLE_LOADER = "$(TEST_HOST)";
				CODE_SIGN_STYLE = Automatic;
				INFOPLIST_FILE = flixTests/Info.plist;
				IPHONEOS_DEPLOYMENT_TARGET = 13.5;
				LD_RUNPATH_SEARCH_PATHS = (
					"$(inherited)",
					"@executable_path/Frameworks",
					"@loader_path/Frameworks",
				);
				PRODUCT_BUNDLE_IDENTIFIER = com.dkaviani.flixTests;
				PRODUCT_NAME = "$(TARGET_NAME)";
				TARGETED_DEVICE_FAMILY = "1,2";
				TEST_HOST = "$(BUILT_PRODUCTS_DIR)/flix.app/flix";
			};
			name = Release;
		};
		4BBE01F324A3B69D004D172E /* Debug */ = {
			isa = XCBuildConfiguration;
			buildSettings = {
				CODE_SIGN_STYLE = Automatic;
				INFOPLIST_FILE = flixUITests/Info.plist;
				LD_RUNPATH_SEARCH_PATHS = (
					"$(inherited)",
					"@executable_path/Frameworks",
					"@loader_path/Frameworks",
				);
				PRODUCT_BUNDLE_IDENTIFIER = com.dkaviani.flixUITests;
				PRODUCT_NAME = "$(TARGET_NAME)";
				TARGETED_DEVICE_FAMILY = "1,2";
				TEST_TARGET_NAME = flix;
			};
			name = Debug;
		};
		4BBE01F424A3B69D004D172E /* Release */ = {
			isa = XCBuildConfiguration;
			buildSettings = {
				CODE_SIGN_STYLE = Automatic;
				INFOPLIST_FILE = flixUITests/Info.plist;
				LD_RUNPATH_SEARCH_PATHS = (
					"$(inherited)",
					"@executable_path/Frameworks",
					"@loader_path/Frameworks",
				);
				PRODUCT_BUNDLE_IDENTIFIER = com.dkaviani.flixUITests;
				PRODUCT_NAME = "$(TARGET_NAME)";
				TARGETED_DEVICE_FAMILY = "1,2";
				TEST_TARGET_NAME = flix;
			};
			name = Release;
		};
/* End XCBuildConfiguration section */

/* Begin XCConfigurationList section */
		4BBE01B824A3B69C004D172E /* Build configuration list for PBXProject "flix" */ = {
			isa = XCConfigurationList;
			buildConfigurations = (
				4BBE01EA24A3B69D004D172E /* Debug */,
				4BBE01EB24A3B69D004D172E /* Release */,
			);
			defaultConfigurationIsVisible = 0;
			defaultConfigurationName = Release;
		};
		4BBE01EC24A3B69D004D172E /* Build configuration list for PBXNativeTarget "flix" */ = {
			isa = XCConfigurationList;
			buildConfigurations = (
				4BBE01ED24A3B69D004D172E /* Debug */,
				4BBE01EE24A3B69D004D172E /* Release */,
			);
			defaultConfigurationIsVisible = 0;
			defaultConfigurationName = Release;
		};
		4BBE01EF24A3B69D004D172E /* Build configuration list for PBXNativeTarget "flixTests" */ = {
			isa = XCConfigurationList;
			buildConfigurations = (
				4BBE01F024A3B69D004D172E /* Debug */,
				4BBE01F124A3B69D004D172E /* Release */,
			);
			defaultConfigurationIsVisible = 0;
			defaultConfigurationName = Release;
		};
		4BBE01F224A3B69D004D172E /* Build configuration list for PBXNativeTarget "flixUITests" */ = {
			isa = XCConfigurationList;
			buildConfigurations = (
				4BBE01F324A3B69D004D172E /* Debug */,
				4BBE01F424A3B69D004D172E /* Release */,
			);
			defaultConfigurationIsVisible = 0;
			defaultConfigurationName = Release;
		};
/* End XCConfigurationList section */
	};
	rootObject = 4BBE01B524A3B69C004D172E /* Project object */;
}
